
Microsoft Visual Studio Solution File, Format Version 12.00
# Visual Studio 15
VisualStudioVersion = 15.0.27428.2011
MinimumVisualStudioVersion = 10.0.40219.1
Project("{FAE04EC0-301F-11D3-BF4B-00C04F79EFBC}") = "ChatApp.Android", "ChatApp\ChatApp.Android\ChatApp.Android.csproj", "{AD653DE7-B4FC-43C5-8B85-5AE84AB5FA4E}"
EndProject
Project("{FAE04EC0-301F-11D3-BF4B-00C04F79EFBC}") = "ChatApp.iOS", "ChatApp\ChatApp.iOS\ChatApp.iOS.csproj", "{FFBF485F-6A33-49EB-9B65-7C535E523598}"
EndProject
Project("{FAE04EC0-301F-11D3-BF4B-00C04F79EFBC}") = "ChatApp.UWP", "ChatApp\ChatApp.UWP\ChatApp.UWP.csproj", "{81C7F0BC-C147-46A6-922E-EEB7673A4D52}"
EndProject
Project("{FAE04EC0-301F-11D3-BF4B-00C04F79EFBC}") = "ChatApp", "ChatApp\ChatApp\ChatApp.csproj", "{A2FC58F0-B447-4C9C-BA96-2068C3CD864F}"
EndProject
Project("{FAE04EC0-301F-11D3-BF4B-00C04F79EFBC}") = "ChatApp.API", "ChatApp.API\ChatApp.API.csproj", "{982158AF-0231-487B-866E-A13EA5F2306B}"
EndProject
Global
	GlobalSection(SolutionConfigurationPlatforms) = preSolution
		Ad-Hoc|Any CPU = Ad-Hoc|Any CPU
		Ad-Hoc|ARM = Ad-Hoc|ARM
		Ad-Hoc|iPhone = Ad-Hoc|iPhone
		Ad-Hoc|iPhoneSimulator = Ad-Hoc|iPhoneSimulator
		Ad-Hoc|x64 = Ad-Hoc|x64
		Ad-Hoc|x86 = Ad-Hoc|x86
		AppStore|Any CPU = AppStore|Any CPU
		AppStore|ARM = AppStore|ARM
		AppStore|iPhone = AppStore|iPhone
		AppStore|iPhoneSimulator = AppStore|iPhoneSimulator
		AppStore|x64 = AppStore|x64
		AppStore|x86 = AppStore|x86
		Debug|Any CPU = Debug|Any CPU
		Debug|ARM = Debug|ARM
		Debug|iPhone = Debug|iPhone
		Debug|iPhoneSimulator = Debug|iPhoneSimulator
		Debug|x64 = Debug|x64
		Debug|x86 = Debug|x86
		Release|Any CPU = Release|Any CPU
		Release|ARM = Release|ARM
		Release|iPhone = Release|iPhone
		Release|iPhoneSimulator = Release|iPhoneSimulator
		Release|x64 = Release|x64
		Release|x86 = Release|x86
	EndGlobalSection
	GlobalSection(ProjectConfigurationPlatforms) = postSolution
		{AD653DE7-B4FC-43C5-8B85-5AE84AB5FA4E}.Ad-Hoc|Any CPU.ActiveCfg = Release|Any CPU
		{AD653DE7-B4FC-43C5-8B85-5AE84AB5FA4E}.Ad-Hoc|Any CPU.Build.0 = Release|Any CPU
		{AD653DE7-B4FC-43C5-8B85-5AE84AB5FA4E}.Ad-Hoc|Any CPU.Deploy.0 = Release|Any CPU
		{AD653DE7-B4FC-43C5-8B85-5AE84AB5FA4E}.Ad-Hoc|ARM.ActiveCfg = Release|Any CPU
		{AD653DE7-B4FC-43C5-8B85-5AE84AB5FA4E}.Ad-Hoc|ARM.Build.0 = Release|Any CPU
		{AD653DE7-B4FC-43C5-8B85-5AE84AB5FA4E}.Ad-Hoc|ARM.Deploy.0 = Release|Any CPU
		{AD653DE7-B4FC-43C5-8B85-5AE84AB5FA4E}.Ad-Hoc|iPhone.ActiveCfg = Release|Any CPU
		{AD653DE7-B4FC-43C5-8B85-5AE84AB5FA4E}.Ad-Hoc|iPhone.Build.0 = Release|Any CPU
		{AD653DE7-B4FC-43C5-8B85-5AE84AB5FA4E}.Ad-Hoc|iPhone.Deploy.0 = Release|Any CPU
		{AD653DE7-B4FC-43C5-8B85-5AE84AB5FA4E}.Ad-Hoc|iPhoneSimulator.ActiveCfg = Release|Any CPU
		{AD653DE7-B4FC-43C5-8B85-5AE84AB5FA4E}.Ad-Hoc|iPhoneSimulator.Build.0 = Release|Any CPU
		{AD653DE7-B4FC-43C5-8B85-5AE84AB5FA4E}.Ad-Hoc|iPhoneSimulator.Deploy.0 = Release|Any CPU
		{AD653DE7-B4FC-43C5-8B85-5AE84AB5FA4E}.Ad-Hoc|x64.ActiveCfg = Release|Any CPU
		{AD653DE7-B4FC-43C5-8B85-5AE84AB5FA4E}.Ad-Hoc|x64.Build.0 = Release|Any CPU
		{AD653DE7-B4FC-43C5-8B85-5AE84AB5FA4E}.Ad-Hoc|x64.Deploy.0 = Release|Any CPU
		{AD653DE7-B4FC-43C5-8B85-5AE84AB5FA4E}.Ad-Hoc|x86.ActiveCfg = Release|Any CPU
		{AD653DE7-B4FC-43C5-8B85-5AE84AB5FA4E}.Ad-Hoc|x86.Build.0 = Release|Any CPU
		{AD653DE7-B4FC-43C5-8B85-5AE84AB5FA4E}.Ad-Hoc|x86.Deploy.0 = Release|Any CPU
		{AD653DE7-B4FC-43C5-8B85-5AE84AB5FA4E}.AppStore|Any CPU.ActiveCfg = Release|Any CPU
		{AD653DE7-B4FC-43C5-8B85-5AE84AB5FA4E}.AppStore|Any CPU.Build.0 = Release|Any CPU
		{AD653DE7-B4FC-43C5-8B85-5AE84AB5FA4E}.AppStore|Any CPU.Deploy.0 = Release|Any CPU
		{AD653DE7-B4FC-43C5-8B85-5AE84AB5FA4E}.AppStore|ARM.ActiveCfg = Release|Any CPU
		{AD653DE7-B4FC-43C5-8B85-5AE84AB5FA4E}.AppStore|ARM.Build.0 = Release|Any CPU
		{AD653DE7-B4FC-43C5-8B85-5AE84AB5FA4E}.AppStore|ARM.Deploy.0 = Release|Any CPU
		{AD653DE7-B4FC-43C5-8B85-5AE84AB5FA4E}.AppStore|iPhone.ActiveCfg = Release|Any CPU
		{AD653DE7-B4FC-43C5-8B85-5AE84AB5FA4E}.AppStore|iPhone.Build.0 = Release|Any CPU
		{AD653DE7-B4FC-43C5-8B85-5AE84AB5FA4E}.AppStore|iPhone.Deploy.0 = Release|Any CPU
		{AD653DE7-B4FC-43C5-8B85-5AE84AB5FA4E}.AppStore|iPhoneSimulator.ActiveCfg = Release|Any CPU
		{AD653DE7-B4FC-43C5-8B85-5AE84AB5FA4E}.AppStore|iPhoneSimulator.Build.0 = Release|Any CPU
		{AD653DE7-B4FC-43C5-8B85-5AE84AB5FA4E}.AppStore|iPhoneSimulator.Deploy.0 = Release|Any CPU
		{AD653DE7-B4FC-43C5-8B85-5AE84AB5FA4E}.AppStore|x64.ActiveCfg = Release|Any CPU
		{AD653DE7-B4FC-43C5-8B85-5AE84AB5FA4E}.AppStore|x64.Build.0 = Release|Any CPU
		{AD653DE7-B4FC-43C5-8B85-5AE84AB5FA4E}.AppStore|x64.Deploy.0 = Release|Any CPU
		{AD653DE7-B4FC-43C5-8B85-5AE84AB5FA4E}.AppStore|x86.ActiveCfg = Release|Any CPU
		{AD653DE7-B4FC-43C5-8B85-5AE84AB5FA4E}.AppStore|x86.Build.0 = Release|Any CPU
		{AD653DE7-B4FC-43C5-8B85-5AE84AB5FA4E}.AppStore|x86.Deploy.0 = Release|Any CPU
		{AD653DE7-B4FC-43C5-8B85-5AE84AB5FA4E}.Debug|Any CPU.ActiveCfg = Debug|Any CPU
		{AD653DE7-B4FC-43C5-8B85-5AE84AB5FA4E}.Debug|Any CPU.Build.0 = Debug|Any CPU
		{AD653DE7-B4FC-43C5-8B85-5AE84AB5FA4E}.Debug|Any CPU.Deploy.0 = Debug|Any CPU
		{AD653DE7-B4FC-43C5-8B85-5AE84AB5FA4E}.Debug|ARM.ActiveCfg = Debug|Any CPU
		{AD653DE7-B4FC-43C5-8B85-5AE84AB5FA4E}.Debug|ARM.Build.0 = Debug|Any CPU
		{AD653DE7-B4FC-43C5-8B85-5AE84AB5FA4E}.Debug|ARM.Deploy.0 = Debug|Any CPU
		{AD653DE7-B4FC-43C5-8B85-5AE84AB5FA4E}.Debug|iPhone.ActiveCfg = Debug|Any CPU
		{AD653DE7-B4FC-43C5-8B85-5AE84AB5FA4E}.Debug|iPhone.Build.0 = Debug|Any CPU
		{AD653DE7-B4FC-43C5-8B85-5AE84AB5FA4E}.Debug|iPhone.Deploy.0 = Debug|Any CPU
		{AD653DE7-B4FC-43C5-8B85-5AE84AB5FA4E}.Debug|iPhoneSimulator.ActiveCfg = Debug|Any CPU
		{AD653DE7-B4FC-43C5-8B85-5AE84AB5FA4E}.Debug|iPhoneSimulator.Build.0 = Debug|Any CPU
		{AD653DE7-B4FC-43C5-8B85-5AE84AB5FA4E}.Debug|iPhoneSimulator.Deploy.0 = Debug|Any CPU
		{AD653DE7-B4FC-43C5-8B85-5AE84AB5FA4E}.Debug|x64.ActiveCfg = Debug|Any CPU
		{AD653DE7-B4FC-43C5-8B85-5AE84AB5FA4E}.Debug|x64.Build.0 = Debug|Any CPU
		{AD653DE7-B4FC-43C5-8B85-5AE84AB5FA4E}.Debug|x64.Deploy.0 = Debug|Any CPU
		{AD653DE7-B4FC-43C5-8B85-5AE84AB5FA4E}.Debug|x86.ActiveCfg = Debug|Any CPU
		{AD653DE7-B4FC-43C5-8B85-5AE84AB5FA4E}.Debug|x86.Build.0 = Debug|Any CPU
		{AD653DE7-B4FC-43C5-8B85-5AE84AB5FA4E}.Debug|x86.Deploy.0 = Debug|Any CPU
		{AD653DE7-B4FC-43C5-8B85-5AE84AB5FA4E}.Release|Any CPU.ActiveCfg = Release|Any CPU
		{AD653DE7-B4FC-43C5-8B85-5AE84AB5FA4E}.Release|Any CPU.Build.0 = Release|Any CPU
		{AD653DE7-B4FC-43C5-8B85-5AE84AB5FA4E}.Release|Any CPU.Deploy.0 = Release|Any CPU
		{AD653DE7-B4FC-43C5-8B85-5AE84AB5FA4E}.Release|ARM.ActiveCfg = Release|Any CPU
		{AD653DE7-B4FC-43C5-8B85-5AE84AB5FA4E}.Release|ARM.Build.0 = Release|Any CPU
		{AD653DE7-B4FC-43C5-8B85-5AE84AB5FA4E}.Release|ARM.Deploy.0 = Release|Any CPU
		{AD653DE7-B4FC-43C5-8B85-5AE84AB5FA4E}.Release|iPhone.ActiveCfg = Release|Any CPU
		{AD653DE7-B4FC-43C5-8B85-5AE84AB5FA4E}.Release|iPhone.Build.0 = Release|Any CPU
		{AD653DE7-B4FC-43C5-8B85-5AE84AB5FA4E}.Release|iPhone.Deploy.0 = Release|Any CPU
		{AD653DE7-B4FC-43C5-8B85-5AE84AB5FA4E}.Release|iPhoneSimulator.ActiveCfg = Release|Any CPU
		{AD653DE7-B4FC-43C5-8B85-5AE84AB5FA4E}.Release|iPhoneSimulator.Build.0 = Release|Any CPU
		{AD653DE7-B4FC-43C5-8B85-5AE84AB5FA4E}.Release|iPhoneSimulator.Deploy.0 = Release|Any CPU
		{AD653DE7-B4FC-43C5-8B85-5AE84AB5FA4E}.Release|x64.ActiveCfg = Release|Any CPU
		{AD653DE7-B4FC-43C5-8B85-5AE84AB5FA4E}.Release|x64.Build.0 = Release|Any CPU
		{AD653DE7-B4FC-43C5-8B85-5AE84AB5FA4E}.Release|x64.Deploy.0 = Release|Any CPU
		{AD653DE7-B4FC-43C5-8B85-5AE84AB5FA4E}.Release|x86.ActiveCfg = Release|Any CPU
		{AD653DE7-B4FC-43C5-8B85-5AE84AB5FA4E}.Release|x86.Build.0 = Release|Any CPU
		{AD653DE7-B4FC-43C5-8B85-5AE84AB5FA4E}.Release|x86.Deploy.0 = Release|Any CPU
		{FFBF485F-6A33-49EB-9B65-7C535E523598}.Ad-Hoc|Any CPU.ActiveCfg = Ad-Hoc|iPhone
		{FFBF485F-6A33-49EB-9B65-7C535E523598}.Ad-Hoc|ARM.ActiveCfg = Ad-Hoc|iPhone
		{FFBF485F-6A33-49EB-9B65-7C535E523598}.Ad-Hoc|iPhone.ActiveCfg = Ad-Hoc|iPhone
		{FFBF485F-6A33-49EB-9B65-7C535E523598}.Ad-Hoc|iPhone.Build.0 = Ad-Hoc|iPhone
		{FFBF485F-6A33-49EB-9B65-7C535E523598}.Ad-Hoc|iPhoneSimulator.ActiveCfg = Ad-Hoc|iPhoneSimulator
		{FFBF485F-6A33-49EB-9B65-7C535E523598}.Ad-Hoc|iPhoneSimulator.Build.0 = Ad-Hoc|iPhoneSimulator
		{FFBF485F-6A33-49EB-9B65-7C535E523598}.Ad-Hoc|x64.ActiveCfg = Ad-Hoc|iPhone
		{FFBF485F-6A33-49EB-9B65-7C535E523598}.Ad-Hoc|x86.ActiveCfg = Ad-Hoc|iPhone
		{FFBF485F-6A33-49EB-9B65-7C535E523598}.AppStore|Any CPU.ActiveCfg = AppStore|iPhone
		{FFBF485F-6A33-49EB-9B65-7C535E523598}.AppStore|ARM.ActiveCfg = AppStore|iPhone
		{FFBF485F-6A33-49EB-9B65-7C535E523598}.AppStore|iPhone.ActiveCfg = AppStore|iPhone
		{FFBF485F-6A33-49EB-9B65-7C535E523598}.AppStore|iPhone.Build.0 = AppStore|iPhone
		{FFBF485F-6A33-49EB-9B65-7C535E523598}.AppStore|iPhoneSimulator.ActiveCfg = AppStore|iPhoneSimulator
		{FFBF485F-6A33-49EB-9B65-7C535E523598}.AppStore|iPhoneSimulator.Build.0 = AppStore|iPhoneSimulator
		{FFBF485F-6A33-49EB-9B65-7C535E523598}.AppStore|x64.ActiveCfg = AppStore|iPhone
		{FFBF485F-6A33-49EB-9B65-7C535E523598}.AppStore|x86.ActiveCfg = AppStore|iPhone
		{FFBF485F-6A33-49EB-9B65-7C535E523598}.Debug|Any CPU.ActiveCfg = Debug|iPhone
		{FFBF485F-6A33-49EB-9B65-7C535E523598}.Debug|ARM.ActiveCfg = Debug|iPhone
		{FFBF485F-6A33-49EB-9B65-7C535E523598}.Debug|iPhone.ActiveCfg = Debug|iPhone
		{FFBF485F-6A33-49EB-9B65-7C535E523598}.Debug|iPhone.Build.0 = Debug|iPhone
		{FFBF485F-6A33-49EB-9B65-7C535E523598}.Debug|iPhoneSimulator.ActiveCfg = Debug|iPhoneSimulator
		{FFBF485F-6A33-49EB-9B65-7C535E523598}.Debug|iPhoneSimulator.Build.0 = Debug|iPhoneSimulator
		{FFBF485F-6A33-49EB-9B65-7C535E523598}.Debug|x64.ActiveCfg = Debug|iPhone
		{FFBF485F-6A33-49EB-9B65-7C535E523598}.Debug|x86.ActiveCfg = Debug|iPhone
		{FFBF485F-6A33-49EB-9B65-7C535E523598}.Release|Any CPU.ActiveCfg = Release|iPhone
		{FFBF485F-6A33-49EB-9B65-7C535E523598}.Release|ARM.ActiveCfg = Release|iPhone
		{FFBF485F-6A33-49EB-9B65-7C535E523598}.Release|iPhone.ActiveCfg = Release|iPhone
		{FFBF485F-6A33-49EB-9B65-7C535E523598}.Release|iPhone.Build.0 = Release|iPhone
		{FFBF485F-6A33-49EB-9B65-7C535E523598}.Release|iPhoneSimulator.ActiveCfg = Release|iPhoneSimulator
		{FFBF485F-6A33-49EB-9B65-7C535E523598}.Release|iPhoneSimulator.Build.0 = Release|iPhoneSimulator
		{FFBF485F-6A33-49EB-9B65-7C535E523598}.Release|x64.ActiveCfg = Release|iPhone
		{FFBF485F-6A33-49EB-9B65-7C535E523598}.Release|x86.ActiveCfg = Release|iPhone
		{81C7F0BC-C147-46A6-922E-EEB7673A4D52}.Ad-Hoc|Any CPU.ActiveCfg = Release|x86
		{81C7F0BC-C147-46A6-922E-EEB7673A4D52}.Ad-Hoc|Any CPU.Build.0 = Release|x86
		{81C7F0BC-C147-46A6-922E-EEB7673A4D52}.Ad-Hoc|Any CPU.Deploy.0 = Release|x86
		{81C7F0BC-C147-46A6-922E-EEB7673A4D52}.Ad-Hoc|ARM.ActiveCfg = Release|ARM
		{81C7F0BC-C147-46A6-922E-EEB7673A4D52}.Ad-Hoc|ARM.Build.0 = Release|ARM
		{81C7F0BC-C147-46A6-922E-EEB7673A4D52}.Ad-Hoc|ARM.Deploy.0 = Release|ARM
		{81C7F0BC-C147-46A6-922E-EEB7673A4D52}.Ad-Hoc|iPhone.ActiveCfg = Release|x86
		{81C7F0BC-C147-46A6-922E-EEB7673A4D52}.Ad-Hoc|iPhone.Build.0 = Release|x86
		{81C7F0BC-C147-46A6-922E-EEB7673A4D52}.Ad-Hoc|iPhone.Deploy.0 = Release|x86
		{81C7F0BC-C147-46A6-922E-EEB7673A4D52}.Ad-Hoc|iPhoneSimulator.ActiveCfg = Release|x86
		{81C7F0BC-C147-46A6-922E-EEB7673A4D52}.Ad-Hoc|iPhoneSimulator.Build.0 = Release|x86
		{81C7F0BC-C147-46A6-922E-EEB7673A4D52}.Ad-Hoc|iPhoneSimulator.Deploy.0 = Release|x86
		{81C7F0BC-C147-46A6-922E-EEB7673A4D52}.Ad-Hoc|x64.ActiveCfg = Release|x64
		{81C7F0BC-C147-46A6-922E-EEB7673A4D52}.Ad-Hoc|x64.Build.0 = Release|x64
		{81C7F0BC-C147-46A6-922E-EEB7673A4D52}.Ad-Hoc|x64.Deploy.0 = Release|x64
		{81C7F0BC-C147-46A6-922E-EEB7673A4D52}.Ad-Hoc|x86.ActiveCfg = Release|x86
		{81C7F0BC-C147-46A6-922E-EEB7673A4D52}.Ad-Hoc|x86.Build.0 = Release|x86
		{81C7F0BC-C147-46A6-922E-EEB7673A4D52}.Ad-Hoc|x86.Deploy.0 = Release|x86
		{81C7F0BC-C147-46A6-922E-EEB7673A4D52}.AppStore|Any CPU.ActiveCfg = Release|x86
		{81C7F0BC-C147-46A6-922E-EEB7673A4D52}.AppStore|Any CPU.Build.0 = Release|x86
		{81C7F0BC-C147-46A6-922E-EEB7673A4D52}.AppStore|Any CPU.Deploy.0 = Release|x86
		{81C7F0BC-C147-46A6-922E-EEB7673A4D52}.AppStore|ARM.ActiveCfg = Release|ARM
		{81C7F0BC-C147-46A6-922E-EEB7673A4D52}.AppStore|ARM.Build.0 = Release|ARM
		{81C7F0BC-C147-46A6-922E-EEB7673A4D52}.AppStore|ARM.Deploy.0 = Release|ARM
		{81C7F0BC-C147-46A6-922E-EEB7673A4D52}.AppStore|iPhone.ActiveCfg = Release|x86
		{81C7F0BC-C147-46A6-922E-EEB7673A4D52}.AppStore|iPhone.Build.0 = Release|x86
		{81C7F0BC-C147-46A6-922E-EEB7673A4D52}.AppStore|iPhone.Deploy.0 = Release|x86
		{81C7F0BC-C147-46A6-922E-EEB7673A4D52}.AppStore|iPhoneSimulator.ActiveCfg = Release|x86
		{81C7F0BC-C147-46A6-922E-EEB7673A4D52}.AppStore|iPhoneSimulator.Build.0 = Release|x86
		{81C7F0BC-C147-46A6-922E-EEB7673A4D52}.AppStore|iPhoneSimulator.Deploy.0 = Release|x86
		{81C7F0BC-C147-46A6-922E-EEB7673A4D52}.AppStore|x64.ActiveCfg = Release|x64
		{81C7F0BC-C147-46A6-922E-EEB7673A4D52}.AppStore|x64.Build.0 = Release|x64
		{81C7F0BC-C147-46A6-922E-EEB7673A4D52}.AppStore|x64.Deploy.0 = Release|x64
		{81C7F0BC-C147-46A6-922E-EEB7673A4D52}.AppStore|x86.ActiveCfg = Release|x86
		{81C7F0BC-C147-46A6-922E-EEB7673A4D52}.AppStore|x86.Build.0 = Release|x86
		{81C7F0BC-C147-46A6-922E-EEB7673A4D52}.AppStore|x86.Deploy.0 = Release|x86
		{81C7F0BC-C147-46A6-922E-EEB7673A4D52}.Debug|Any CPU.ActiveCfg = Debug|x86
		{81C7F0BC-C147-46A6-922E-EEB7673A4D52}.Debug|ARM.ActiveCfg = Debug|ARM
		{81C7F0BC-C147-46A6-922E-EEB7673A4D52}.Debug|ARM.Build.0 = Debug|ARM
		{81C7F0BC-C147-46A6-922E-EEB7673A4D52}.Debug|ARM.Deploy.0 = Debug|ARM
		{81C7F0BC-C147-46A6-922E-EEB7673A4D52}.Debug|iPhone.ActiveCfg = Debug|x86
		{81C7F0BC-C147-46A6-922E-EEB7673A4D52}.Debug|iPhoneSimulator.ActiveCfg = Debug|x86
		{81C7F0BC-C147-46A6-922E-EEB7673A4D52}.Debug|x64.ActiveCfg = Debug|x64
		{81C7F0BC-C147-46A6-922E-EEB7673A4D52}.Debug|x64.Build.0 = Debug|x64
		{81C7F0BC-C147-46A6-922E-EEB7673A4D52}.Debug|x64.Deploy.0 = Debug|x64
		{81C7F0BC-C147-46A6-922E-EEB7673A4D52}.Debug|x86.ActiveCfg = Debug|x86
		{81C7F0BC-C147-46A6-922E-EEB7673A4D52}.Debug|x86.Build.0 = Debug|x86
		{81C7F0BC-C147-46A6-922E-EEB7673A4D52}.Debug|x86.Deploy.0 = Debug|x86
		{81C7F0BC-C147-46A6-922E-EEB7673A4D52}.Release|Any CPU.ActiveCfg = Release|x86
		{81C7F0BC-C147-46A6-922E-EEB7673A4D52}.Release|ARM.ActiveCfg = Release|ARM
		{81C7F0BC-C147-46A6-922E-EEB7673A4D52}.Release|ARM.Build.0 = Release|ARM
		{81C7F0BC-C147-46A6-922E-EEB7673A4D52}.Release|ARM.Deploy.0 = Release|ARM
		{81C7F0BC-C147-46A6-922E-EEB7673A4D52}.Release|iPhone.ActiveCfg = Release|x86
		{81C7F0BC-C147-46A6-922E-EEB7673A4D52}.Release|iPhoneSimulator.ActiveCfg = Release|x86
		{81C7F0BC-C147-46A6-922E-EEB7673A4D52}.Release|x64.ActiveCfg = Release|x64
		{81C7F0BC-C147-46A6-922E-EEB7673A4D52}.Release|x64.Build.0 = Release|x64
		{81C7F0BC-C147-46A6-922E-EEB7673A4D52}.Release|x64.Deploy.0 = Release|x64
		{81C7F0BC-C147-46A6-922E-EEB7673A4D52}.Release|x86.ActiveCfg = Release|x86
		{81C7F0BC-C147-46A6-922E-EEB7673A4D52}.Release|x86.Build.0 = Release|x86
		{81C7F0BC-C147-46A6-922E-EEB7673A4D52}.Release|x86.Deploy.0 = Release|x86
		{A2FC58F0-B447-4C9C-BA96-2068C3CD864F}.Ad-Hoc|Any CPU.ActiveCfg = Debug|Any CPU
		{A2FC58F0-B447-4C9C-BA96-2068C3CD864F}.Ad-Hoc|Any CPU.Build.0 = Debug|Any CPU
		{A2FC58F0-B447-4C9C-BA96-2068C3CD864F}.Ad-Hoc|ARM.ActiveCfg = Debug|Any CPU
		{A2FC58F0-B447-4C9C-BA96-2068C3CD864F}.Ad-Hoc|ARM.Build.0 = Debug|Any CPU
		{A2FC58F0-B447-4C9C-BA96-2068C3CD864F}.Ad-Hoc|iPhone.ActiveCfg = Debug|Any CPU
		{A2FC58F0-B447-4C9C-BA96-2068C3CD864F}.Ad-Hoc|iPhone.Build.0 = Debug|Any CPU
		{A2FC58F0-B447-4C9C-BA96-2068C3CD864F}.Ad-Hoc|iPhoneSimulator.ActiveCfg = Debug|Any CPU
		{A2FC58F0-B447-4C9C-BA96-2068C3CD864F}.Ad-Hoc|iPhoneSimulator.Build.0 = Debug|Any CPU
		{A2FC58F0-B447-4C9C-BA96-2068C3CD864F}.Ad-Hoc|x64.ActiveCfg = Debug|Any CPU
		{A2FC58F0-B447-4C9C-BA96-2068C3CD864F}.Ad-Hoc|x64.Build.0 = Debug|Any CPU
		{A2FC58F0-B447-4C9C-BA96-2068C3CD864F}.Ad-Hoc|x86.ActiveCfg = Debug|Any CPU
		{A2FC58F0-B447-4C9C-BA96-2068C3CD864F}.Ad-Hoc|x86.Build.0 = Debug|Any CPU
		{A2FC58F0-B447-4C9C-BA96-2068C3CD864F}.AppStore|Any CPU.ActiveCfg = Debug|Any CPU
		{A2FC58F0-B447-4C9C-BA96-2068C3CD864F}.AppStore|Any CPU.Build.0 = Debug|Any CPU
		{A2FC58F0-B447-4C9C-BA96-2068C3CD864F}.AppStore|ARM.ActiveCfg = Debug|Any CPU
		{A2FC58F0-B447-4C9C-BA96-2068C3CD864F}.AppStore|ARM.Build.0 = Debug|Any CPU
		{A2FC58F0-B447-4C9C-BA96-2068C3CD864F}.AppStore|iPhone.ActiveCfg = Debug|Any CPU
		{A2FC58F0-B447-4C9C-BA96-2068C3CD864F}.AppStore|iPhone.Build.0 = Debug|Any CPU
		{A2FC58F0-B447-4C9C-BA96-2068C3CD864F}.AppStore|iPhoneSimulator.ActiveCfg = Debug|Any CPU
		{A2FC58F0-B447-4C9C-BA96-2068C3CD864F}.AppStore|iPhoneSimulator.Build.0 = Debug|Any CPU
		{A2FC58F0-B447-4C9C-BA96-2068C3CD864F}.AppStore|x64.ActiveCfg = Debug|Any CPU
		{A2FC58F0-B447-4C9C-BA96-2068C3CD864F}.AppStore|x64.Build.0 = Debug|Any CPU
		{A2FC58F0-B447-4C9C-BA96-2068C3CD864F}.AppStore|x86.ActiveCfg = Debug|Any CPU
		{A2FC58F0-B447-4C9C-BA96-2068C3CD864F}.AppStore|x86.Build.0 = Debug|Any CPU
		{A2FC58F0-B447-4C9C-BA96-2068C3CD864F}.Debug|Any CPU.ActiveCfg = Debug|Any CPU
		{A2FC58F0-B447-4C9C-BA96-2068C3CD864F}.Debug|Any CPU.Build.0 = Debug|Any CPU
		{A2FC58F0-B447-4C9C-BA96-2068C3CD864F}.Debug|ARM.ActiveCfg = Debug|Any CPU
		{A2FC58F0-B447-4C9C-BA96-2068C3CD864F}.Debug|ARM.Build.0 = Debug|Any CPU
		{A2FC58F0-B447-4C9C-BA96-2068C3CD864F}.Debug|iPhone.ActiveCfg = Debug|Any CPU
		{A2FC58F0-B447-4C9C-BA96-2068C3CD864F}.Debug|iPhone.Build.0 = Debug|Any CPU
		{A2FC58F0-B447-4C9C-BA96-2068C3CD864F}.Debug|iPhoneSimulator.ActiveCfg = Debug|Any CPU
		{A2FC58F0-B447-4C9C-BA96-2068C3CD864F}.Debug|iPhoneSimulator.Build.0 = Debug|Any CPU
		{A2FC58F0-B447-4C9C-BA96-2068C3CD864F}.Debug|x64.ActiveCfg = Debug|Any CPU
		{A2FC58F0-B447-4C9C-BA96-2068C3CD864F}.Debug|x64.Build.0 = Debug|Any CPU
		{A2FC58F0-B447-4C9C-BA96-2068C3CD864F}.Debug|x86.ActiveCfg = Debug|Any CPU
		{A2FC58F0-B447-4C9C-BA96-2068C3CD864F}.Debug|x86.Build.0 = Debug|Any CPU
		{A2FC58F0-B447-4C9C-BA96-2068C3CD864F}.Release|Any CPU.ActiveCfg = Release|Any CPU
		{A2FC58F0-B447-4C9C-BA96-2068C3CD864F}.Release|Any CPU.Build.0 = Release|Any CPU
		{A2FC58F0-B447-4C9C-BA96-2068C3CD864F}.Release|ARM.ActiveCfg = Release|Any CPU
		{A2FC58F0-B447-4C9C-BA96-2068C3CD864F}.Release|ARM.Build.0 = Release|Any CPU
		{A2FC58F0-B447-4C9C-BA96-2068C3CD864F}.Release|iPhone.ActiveCfg = Release|Any CPU
		{A2FC58F0-B447-4C9C-BA96-2068C3CD864F}.Release|iPhone.Build.0 = Release|Any CPU
		{A2FC58F0-B447-4C9C-BA96-2068C3CD864F}.Release|iPhoneSimulator.ActiveCfg = Release|Any CPU
		{A2FC58F0-B447-4C9C-BA96-2068C3CD864F}.Release|iPhoneSimulator.Build.0 = Release|Any CPU
		{A2FC58F0-B447-4C9C-BA96-2068C3CD864F}.Release|x64.ActiveCfg = Release|Any CPU
		{A2FC58F0-B447-4C9C-BA96-2068C3CD864F}.Release|x64.Build.0 = Release|Any CPU
		{A2FC58F0-B447-4C9C-BA96-2068C3CD864F}.Release|x86.ActiveCfg = Release|Any CPU
		{A2FC58F0-B447-4C9C-BA96-2068C3CD864F}.Release|x86.Build.0 = Release|Any CPU
		{982158AF-0231-487B-866E-A13EA5F2306B}.Ad-Hoc|Any CPU.ActiveCfg = Release|Any CPU
		{982158AF-0231-487B-866E-A13EA5F2306B}.Ad-Hoc|Any CPU.Build.0 = Release|Any CPU
		{982158AF-0231-487B-866E-A13EA5F2306B}.Ad-Hoc|ARM.ActiveCfg = Release|Any CPU
		{982158AF-0231-487B-866E-A13EA5F2306B}.Ad-Hoc|ARM.Build.0 = Release|Any CPU
		{982158AF-0231-487B-866E-A13EA5F2306B}.Ad-Hoc|iPhone.ActiveCfg = Release|Any CPU
		{982158AF-0231-487B-866E-A13EA5F2306B}.Ad-Hoc|iPhone.Build.0 = Release|Any CPU
		{982158AF-0231-487B-866E-A13EA5F2306B}.Ad-Hoc|iPhoneSimulator.ActiveCfg = Release|Any CPU
		{982158AF-0231-487B-866E-A13EA5F2306B}.Ad-Hoc|iPhoneSimulator.Build.0 = Release|Any CPU
		{982158AF-0231-487B-866E-A13EA5F2306B}.Ad-Hoc|x64.ActiveCfg = Release|Any CPU
		{982158AF-0231-487B-866E-A13EA5F2306B}.Ad-Hoc|x64.Build.0 = Release|Any CPU
		{982158AF-0231-487B-866E-A13EA5F2306B}.Ad-Hoc|x86.ActiveCfg = Release|Any CPU
		{982158AF-0231-487B-866E-A13EA5F2306B}.Ad-Hoc|x86.Build.0 = Release|Any CPU
		{982158AF-0231-487B-866E-A13EA5F2306B}.AppStore|Any CPU.ActiveCfg = Release|Any CPU
		{982158AF-0231-487B-866E-A13EA5F2306B}.AppStore|Any CPU.Build.0 = Release|Any CPU
		{982158AF-0231-487B-866E-A13EA5F2306B}.AppStore|ARM.ActiveCfg = Release|Any CPU
		{982158AF-0231-487B-866E-A13EA5F2306B}.AppStore|ARM.Build.0 = Release|Any CPU
		{982158AF-0231-487B-866E-A13EA5F2306B}.AppStore|iPhone.ActiveCfg = Release|Any CPU
		{982158AF-0231-487B-866E-A13EA5F2306B}.AppStore|iPhone.Build.0 = Release|Any CPU
		{982158AF-0231-487B-866E-A13EA5F2306B}.AppStore|iPhoneSimulator.ActiveCfg = Release|Any CPU
		{982158AF-0231-487B-866E-A13EA5F2306B}.AppStore|iPhoneSimulator.Build.0 = Release|Any CPU
		{982158AF-0231-487B-866E-A13EA5F2306B}.AppStore|x64.ActiveCfg = Release|Any CPU
		{982158AF-0231-487B-866E-A13EA5F2306B}.AppStore|x64.Build.0 = Release|Any CPU
		{982158AF-0231-487B-866E-A13EA5F2306B}.AppStore|x86.ActiveCfg = Release|Any CPU
		{982158AF-0231-487B-866E-A13EA5F2306B}.AppStore|x86.Build.0 = Release|Any CPU
		{982158AF-0231-487B-866E-A13EA5F2306B}.Debug|Any CPU.ActiveCfg = Debug|Any CPU
		{982158AF-0231-487B-866E-A13EA5F2306B}.Debug|Any CPU.Build.0 = Debug|Any CPU
		{982158AF-0231-487B-866E-A13EA5F2306B}.Debug|ARM.ActiveCfg = Debug|Any CPU
		{982158AF-0231-487B-866E-A13EA5F2306B}.Debug|ARM.Build.0 = Debug|Any CPU
		{982158AF-0231-487B-866E-A13EA5F2306B}.Debug|iPhone.ActiveCfg = Debug|Any CPU
		{982158AF-0231-487B-866E-A13EA5F2306B}.Debug|iPhone.Build.0 = Debug|Any CPU
		{982158AF-0231-487B-866E-A13EA5F2306B}.Debug|iPhoneSimulator.ActiveCfg = Debug|Any CPU
		{982158AF-0231-487B-866E-A13EA5F2306B}.Debug|iPhoneSimulator.Build.0 = Debug|Any CPU
		{982158AF-0231-487B-866E-A13EA5F2306B}.Debug|x64.ActiveCfg = Debug|Any CPU
		{982158AF-0231-487B-866E-A13EA5F2306B}.Debug|x64.Build.0 = Debug|Any CPU
		{982158AF-0231-487B-866E-A13EA5F2306B}.Debug|x86.ActiveCfg = Debug|Any CPU
		{982158AF-0231-487B-866E-A13EA5F2306B}.Debug|x86.Build.0 = Debug|Any CPU
		{982158AF-0231-487B-866E-A13EA5F2306B}.Release|Any CPU.ActiveCfg = Release|Any CPU
		{982158AF-0231-487B-866E-A13EA5F2306B}.Release|Any CPU.Build.0 = Release|Any CPU
		{982158AF-0231-487B-866E-A13EA5F2306B}.Release|ARM.ActiveCfg = Release|Any CPU
		{982158AF-0231-487B-866E-A13EA5F2306B}.Release|ARM.Build.0 = Release|Any CPU
		{982158AF-0231-487B-866E-A13EA5F2306B}.Release|iPhone.ActiveCfg = Release|Any CPU
		{982158AF-0231-487B-866E-A13EA5F2306B}.Release|iPhone.Build.0 = Release|Any CPU
		{982158AF-0231-487B-866E-A13EA5F2306B}.Release|iPhoneSimulator.ActiveCfg = Release|Any CPU
		{982158AF-0231-487B-866E-A13EA5F2306B}.Release|iPhoneSimulator.Build.0 = Release|Any CPU
		{982158AF-0231-487B-866E-A13EA5F2306B}.Release|x64.ActiveCfg = Release|Any CPU
		{982158AF-0231-487B-866E-A13EA5F2306B}.Release|x64.Build.0 = Release|Any CPU
		{982158AF-0231-487B-866E-A13EA5F2306B}.Release|x86.ActiveCfg = Release|Any CPU
		{982158AF-0231-487B-866E-A13EA5F2306B}.Release|x86.Build.0 = Release|Any CPU
	EndGlobalSection
	GlobalSection(SolutionProperties) = preSolution
		HideSolutionNode = FALSE
	EndGlobalSection
	GlobalSection(ExtensibilityGlobals) = postSolution
		SolutionGuid = {382C056E-4775-4989-A7B7-CDCB9A25C9F3}
	EndGlobalSection
EndGlobal
